
Microsoft Visual Studio Solution File, Format Version 12.00
# Visual Studio Version 16
VisualStudioVersion = 16.0.30803.129
MinimumVisualStudioVersion = 10.0.40219.1
Project("{FAE04EC0-301F-11D3-BF4B-00C04F79EFBC}") = "MonFloatParser", "MonFloatParser\MonFloatParser.csproj", "{C1AB1894-D301-46F6-A189-AFF325AFB035}"
EndProject
Project("{FAE04EC0-301F-11D3-BF4B-00C04F79EFBC}") = "TestParser", "TestParser\TestParser.csproj", "{4223166C-54D6-40E6-B8DC-9A8C0E9986F8}"
EndProject
Global
	GlobalSection(SolutionConfigurationPlatforms) = preSolution
		Debug|Any CPU = Debug|Any CPU
		Release|Any CPU = Release|Any CPU
	EndGlobalSection
	GlobalSection(ProjectConfigurationPlatforms) = postSolution
		{C1AB1894-D301-46F6-A189-AFF325AFB035}.Debug|Any CPU.ActiveCfg = Debug|Any CPU
		{C1AB1894-D301-46F6-A189-AFF325AFB035}.Debug|Any CPU.Build.0 = Debug|Any CPU
		{C1AB1894-D301-46F6-A189-AFF325AFB035}.Release|Any CPU.ActiveCfg = Release|Any CPU
		{C1AB1894-D301-46F6-A189-AFF325AFB035}.Release|Any CPU.Build.0 = Release|Any CPU
		{4223166C-54D6-40E6-B8DC-9A8C0E9986F8}.Debug|Any CPU.ActiveCfg = Debug|Any CPU
		{4223166C-54D6-40E6-B8DC-9A8C0E9986F8}.Debug|Any CPU.Build.0 = Debug|Any CPU
		{4223166C-54D6-40E6-B8DC-9A8C0E9986F8}.Release|Any CPU.ActiveCfg = Release|Any CPU
		{4223166C-54D6-40E6-B8DC-9A8C0E9986F8}.Release|Any CPU.Build.0 = Release|Any CPU
	EndGlobalSection
	GlobalSection(SolutionProperties) = preSolution
		HideSolutionNode = FALSE
	EndGlobalSection
	GlobalSection(ExtensibilityGlobals) = postSolution
		SolutionGuid = {9E6754D0-DB29-46C0-A2FF-E4067785A929}
	EndGlobalSection
EndGlobal
